
Microsoft Visual Studio Solution File, Format Version 12.00
# Visual Studio Version 16
VisualStudioVersion = 16.0.30320.27
MinimumVisualStudioVersion = 10.0.40219.1
Project("{FAE04EC0-301F-11D3-BF4B-00C04F79EFBC}") = "Millo", "Millo\Millo.csproj", "{F78D57AD-0E23-4E7F-A918-D0FA1DF3B9B2}"
EndProject
Global
	GlobalSection(SolutionConfigurationPlatforms) = preSolution
		Debug|Any CPU = Debug|Any CPU
		Release|Any CPU = Release|Any CPU
	EndGlobalSection
	GlobalSection(ProjectConfigurationPlatforms) = postSolution
		{F78D57AD-0E23-4E7F-A918-D0FA1DF3B9B2}.Debug|Any CPU.ActiveCfg = Debug|Any CPU
		{F78D57AD-0E23-4E7F-A918-D0FA1DF3B9B2}.Debug|Any CPU.Build.0 = Debug|Any CPU
		{F78D57AD-0E23-4E7F-A918-D0FA1DF3B9B2}.Release|Any CPU.ActiveCfg = Release|Any CPU
		{F78D57AD-0E23-4E7F-A918-D0FA1DF3B9B2}.Release|Any CPU.Build.0 = Release|Any CPU
	EndGlobalSection
	GlobalSection(SolutionProperties) = preSolution
		HideSolutionNode = FALSE
	EndGlobalSection
	GlobalSection(ExtensibilityGlobals) = postSolution
		SolutionGuid = {BB781EB0-4C15-40C2-A75F-6374F7EC726E}
	EndGlobalSection
EndGlobal
